
Microsoft Visual Studio Solution File, Format Version 12.00
# Visual Studio Version 16
VisualStudioVersion = 16.0.29209.62
MinimumVisualStudioVersion = 10.0.40219.1
Project("{FAE04EC0-301F-11D3-BF4B-00C04F79EFBC}") = "TicTac", "TicTac\TicTac.csproj", "{840B6696-3A7C-4A20-ABE4-1AAD94507716}"
EndProject
Global
	GlobalSection(SolutionConfigurationPlatforms) = preSolution
		Debug|Any CPU = Debug|Any CPU
		Release|Any CPU = Release|Any CPU
	EndGlobalSection
	GlobalSection(ProjectConfigurationPlatforms) = postSolution
		{840B6696-3A7C-4A20-ABE4-1AAD94507716}.Debug|Any CPU.ActiveCfg = Debug|Any CPU
		{840B6696-3A7C-4A20-ABE4-1AAD94507716}.Debug|Any CPU.Build.0 = Debug|Any CPU
		{840B6696-3A7C-4A20-ABE4-1AAD94507716}.Release|Any CPU.ActiveCfg = Release|Any CPU
		{840B6696-3A7C-4A20-ABE4-1AAD94507716}.Release|Any CPU.Build.0 = Release|Any CPU
	EndGlobalSection
	GlobalSection(SolutionProperties) = preSolution
		HideSolutionNode = FALSE
	EndGlobalSection
	GlobalSection(ExtensibilityGlobals) = postSolution
		SolutionGuid = {34CDE6DD-4E96-4FBF-9942-F2D525422314}
	EndGlobalSection
EndGlobal
